
Microsoft Visual Studio Solution File, Format Version 12.00
# Visual Studio 15
VisualStudioVersion = 15.0.28307.1231
MinimumVisualStudioVersion = 10.0.40219.1
Project("{8BC9CEB8-8B4A-11D0-8D11-00A0C91BC942}") = "계산기", "계산기\계산기.vcxproj", "{DC0857D0-BFD3-4572-A207-7A3C2FDFB2C3}"
EndProject
Global
	GlobalSection(SolutionConfigurationPlatforms) = preSolution
		Debug|x64 = Debug|x64
		Debug|x86 = Debug|x86
		Release|x64 = Release|x64
		Release|x86 = Release|x86
	EndGlobalSection
	GlobalSection(ProjectConfigurationPlatforms) = postSolution
		{DC0857D0-BFD3-4572-A207-7A3C2FDFB2C3}.Debug|x64.ActiveCfg = Debug|x64
		{DC0857D0-BFD3-4572-A207-7A3C2FDFB2C3}.Debug|x64.Build.0 = Debug|x64
		{DC0857D0-BFD3-4572-A207-7A3C2FDFB2C3}.Debug|x86.ActiveCfg = Debug|Win32
		{DC0857D0-BFD3-4572-A207-7A3C2FDFB2C3}.Debug|x86.Build.0 = Debug|Win32
		{DC0857D0-BFD3-4572-A207-7A3C2FDFB2C3}.Release|x64.ActiveCfg = Release|x64
		{DC0857D0-BFD3-4572-A207-7A3C2FDFB2C3}.Release|x64.Build.0 = Release|x64
		{DC0857D0-BFD3-4572-A207-7A3C2FDFB2C3}.Release|x86.ActiveCfg = Release|Win32
		{DC0857D0-BFD3-4572-A207-7A3C2FDFB2C3}.Release|x86.Build.0 = Release|Win32
	EndGlobalSection
	GlobalSection(SolutionProperties) = preSolution
		HideSolutionNode = FALSE
	EndGlobalSection
	GlobalSection(ExtensibilityGlobals) = postSolution
		SolutionGuid = {15C0FFF3-0DC8-4AA3-9FBD-2EADB5789D0A}
	EndGlobalSection
EndGlobal
